Microsoft Visual Studio Solution File, Format Version 12.00
# Visual Studio Version 17
VisualStudioVersion = 17.5.2.0
MinimumVisualStudioVersion = 10.0.40219.1
Project("{FAE04EC0-301F-11D3-BF4B-00C04F79EFBC}") = "Mordecai", "Mordecai\Mordecai.csproj", "{24929F2E-B6DB-6CAA-6D74-BE164F533431}"
EndProject
Global
	GlobalSection(SolutionConfigurationPlatforms) = preSolution
		Debug|Any CPU = Debug|Any CPU
		Release|Any CPU = Release|Any CPU
	EndGlobalSection
	GlobalSection(ProjectConfigurationPlatforms) = postSolution
		{24929F2E-B6DB-6CAA-6D74-BE164F533431}.Debug|Any CPU.ActiveCfg = Debug|Any CPU
		{24929F2E-B6DB-6CAA-6D74-BE164F533431}.Debug|Any CPU.Build.0 = Debug|Any CPU
		{24929F2E-B6DB-6CAA-6D74-BE164F533431}.Release|Any CPU.ActiveCfg = Release|Any CPU
		{24929F2E-B6DB-6CAA-6D74-BE164F533431}.Release|Any CPU.Build.0 = Release|Any CPU
	EndGlobalSection
	GlobalSection(SolutionProperties) = preSolution
		HideSolutionNode = FALSE
	EndGlobalSection
	GlobalSection(ExtensibilityGlobals) = postSolution
		SolutionGuid = {56B9BE2C-280E-4DA3-80EE-12B78606C6E6}
	EndGlobalSection
EndGlobal
